
Microsoft Visual Studio Solution File, Format Version 12.00
# Visual Studio Version 17
VisualStudioVersion = 17.11.35219.272
MinimumVisualStudioVersion = 10.0.40219.1
Project("{9A19103F-16F7-4668-BE54-9A1E7A4F7556}") = "Project", "Project.csproj", "{47A4390B-01AE-4BFE-8826-33031A2E9803}"
EndProject
Global
	GlobalSection(SolutionConfigurationPlatforms) = preSolution
		Debug|Any CPU = Debug|Any CPU
		Release|Any CPU = Release|Any CPU
	EndGlobalSection
	GlobalSection(ProjectConfigurationPlatforms) = postSolution
		{47A4390B-01AE-4BFE-8826-33031A2E9803}.Debug|Any CPU.ActiveCfg = Debug|Any CPU
		{47A4390B-01AE-4BFE-8826-33031A2E9803}.Debug|Any CPU.Build.0 = Debug|Any CPU
		{47A4390B-01AE-4BFE-8826-33031A2E9803}.Release|Any CPU.ActiveCfg = Release|Any CPU
		{47A4390B-01AE-4BFE-8826-33031A2E9803}.Release|Any CPU.Build.0 = Release|Any CPU
	EndGlobalSection
	GlobalSection(SolutionProperties) = preSolution
		HideSolutionNode = FALSE
	EndGlobalSection
	GlobalSection(ExtensibilityGlobals) = postSolution
		SolutionGuid = {899D5913-3B12-4805-AAE2-2A5AB5528CDB}
	EndGlobalSection
EndGlobal
